{
  "name": "aws",
  "lockfileVersion": 2,
  "requires": true,
  "packages": {
    "": {
      "dependencies": {
        "@aws-cdk/aws-ec2": "^1.189.0"
      }
    },
    "node_modules/@aws-cdk/assets": {
      "version": "1.189.0",
      "resolved": "https://registry.npmjs.org/@aws-cdk/assets/-/assets-1.189.0.tgz",
      "integrity": "sha512-yi9OCIbE6TsgJDGIX+wiCHnwucguvWDon14aTkRaeLHN/ICo+MCjAgzjxWuuxk0xSDQ2Q3/0oSZ6au2ZUhXw7A==",
      "dependencies": {
        "@aws-cdk/core": "1.189.0",
        "@aws-cdk/cx-api": "1.189.0",
        "constructs": "^3.3.69"
      },
      "engines": {
        "node": ">= 14.15.0"
      },
      "peerDependencies": {
        "@aws-cdk/core": "1.189.0",
        "@aws-cdk/cx-api": "1.189.0",
        "constructs": "^3.3.69"
      }
    },
    "node_modules/@aws-cdk/aws-cloudwatch": {
      "version": "1.189.0",
      "resolved": "https://registry.npmjs.org/@aws-cdk/aws-cloudwatch/-/aws-cloudwatch-1.189.0.tgz",
      "integrity": "sha512-rjNHCJfVpaOtgotmrpThbU69n42MuEGLsuU11A+DeSrLeRh0bm0cZSZGQJKUrtnMghdzMDwTi0iBjykKvJF/ow==",
      "dependencies": {
        "@aws-cdk/aws-iam": "1.189.0",
        "@aws-cdk/core": "1.189.0",
        "constructs": "^3.3.69"
      },
      "engines": {
        "node": ">= 14.15.0"
      },
      "peerDependencies": {
        "@aws-cdk/aws-iam": "1.189.0",
        "@aws-cdk/core": "1.189.0",
        "constructs": "^3.3.69"
      }
    },
    "node_modules/@aws-cdk/aws-ec2": {
      "version": "1.189.0",
      "resolved": "https://registry.npmjs.org/@aws-cdk/aws-ec2/-/aws-ec2-1.189.0.tgz",
      "integrity": "sha512-AVA04sfAscPqWsaG3NvMaa04pIZDeeTGDLsD2xd0GJRpXl3upgk33raQX6bhQbWk2jetGoldGYTiNulD9iDSjw==",
      "dependencies": {
        "@aws-cdk/aws-cloudwatch": "1.189.0",
        "@aws-cdk/aws-iam": "1.189.0",
        "@aws-cdk/aws-kms": "1.189.0",
        "@aws-cdk/aws-logs": "1.189.0",
        "@aws-cdk/aws-s3": "1.189.0",
        "@aws-cdk/aws-s3-assets": "1.189.0",
        "@aws-cdk/aws-ssm": "1.189.0",
        "@aws-cdk/cloud-assembly-schema": "1.189.0",
        "@aws-cdk/core": "1.189.0",
        "@aws-cdk/cx-api": "1.189.0",
        "@aws-cdk/region-info": "1.189.0",
        "constructs": "^3.3.69"
      },
      "engines": {
        "node": ">= 14.15.0"
      },
      "peerDependencies": {
        "@aws-cdk/aws-cloudwatch": "1.189.0",
        "@aws-cdk/aws-iam": "1.189.0",
        "@aws-cdk/aws-kms": "1.189.0",
        "@aws-cdk/aws-logs": "1.189.0",
        "@aws-cdk/aws-s3": "1.189.0",
        "@aws-cdk/aws-s3-assets": "1.189.0",
        "@aws-cdk/aws-ssm": "1.189.0",
        "@aws-cdk/cloud-assembly-schema": "1.189.0",
        "@aws-cdk/core": "1.189.0",
        "@aws-cdk/cx-api": "1.189.0",
        "@aws-cdk/region-info": "1.189.0",
        "constructs": "^3.3.69"
      }
    },
    "node_modules/@aws-cdk/aws-events": {
      "version": "1.189.0",
      "resolved": "https://registry.npmjs.org/@aws-cdk/aws-events/-/aws-events-1.189.0.tgz",
      "integrity": "sha512-f8RX83dQx10NHZ8tHaefsiAeXMDcPAiwFAYZ4HlH0/hpMT8BjFg9BZk4A2r5Xa6+iPN7IPFc6IR6ON78mQBtAw==",
      "dependencies": {
        "@aws-cdk/aws-iam": "1.189.0",
        "@aws-cdk/core": "1.189.0",
        "constructs": "^3.3.69"
      },
      "engines": {
        "node": ">= 14.15.0"
      },
      "peerDependencies": {
        "@aws-cdk/aws-iam": "1.189.0",
        "@aws-cdk/core": "1.189.0",
        "constructs": "^3.3.69"
      }
    },
    "node_modules/@aws-cdk/aws-iam": {
      "version": "1.189.0",
      "resolved": "https://registry.npmjs.org/@aws-cdk/aws-iam/-/aws-iam-1.189.0.tgz",
      "integrity": "sha512-2c7Tsp5epMKjqfMOVkI80pQt15GX3agz19RpC5RdqjBQReJpXSn/kghq3Jp8I4eS+uMWrM5d4No/hbnLP/JmXw==",
      "dependencies": {
        "@aws-cdk/core": "1.189.0",
        "@aws-cdk/cx-api": "1.189.0",
        "@aws-cdk/region-info": "1.189.0",
        "constructs": "^3.3.69"
      },
      "engines": {
        "node": ">= 14.15.0"
      },
      "peerDependencies": {
        "@aws-cdk/core": "1.189.0",
        "@aws-cdk/region-info": "1.189.0",
        "constructs": "^3.3.69"
      }
    },
    "node_modules/@aws-cdk/aws-kms": {
      "version": "1.189.0",
      "resolved": "https://registry.npmjs.org/@aws-cdk/aws-kms/-/aws-kms-1.189.0.tgz",
      "integrity": "sha512-ZzxN/tvOc37CXHcM8AWD7PLtHK3Xb8VA/C8haKE4dA9iectvSAWud6skhXGWbgN/GhTi5Ew3oq9vO+8WusynoA==",
      "dependencies": {
        "@aws-cdk/aws-iam": "1.189.0",
        "@aws-cdk/cloud-assembly-schema": "1.189.0",
        "@aws-cdk/core": "1.189.0",
        "@aws-cdk/cx-api": "1.189.0",
        "constructs": "^3.3.69"
      },
      "engines": {
        "node": ">= 14.15.0"
      },
      "peerDependencies": {
        "@aws-cdk/aws-iam": "1.189.0",
        "@aws-cdk/cloud-assembly-schema": "1.189.0",
        "@aws-cdk/core": "1.189.0",
        "@aws-cdk/cx-api": "1.189.0",
        "constructs": "^3.3.69"
      }
    },
    "node_modules/@aws-cdk/aws-logs": {
      "version": "1.189.0",
      "resolved": "https://registry.npmjs.org/@aws-cdk/aws-logs/-/aws-logs-1.189.0.tgz",
      "integrity": "sha512-HgeJWNbNuTF7s3Vh5wos/g2XR0Sq6Hun2ecNy4zAyOOCLgM9E7MmYSoWYEjhV3myGEEJmhZrDAKfaUrCtezY2w==",
      "dependencies": {
        "@aws-cdk/aws-cloudwatch": "1.189.0",
        "@aws-cdk/aws-iam": "1.189.0",
        "@aws-cdk/aws-kms": "1.189.0",
        "@aws-cdk/aws-s3-assets": "1.189.0",
        "@aws-cdk/core": "1.189.0",
        "@aws-cdk/cx-api": "1.189.0",
        "constructs": "^3.3.69"
      },
      "engines": {
        "node": ">= 14.15.0"
      },
      "peerDependencies": {
        "@aws-cdk/aws-cloudwatch": "1.189.0",
        "@aws-cdk/aws-iam": "1.189.0",
        "@aws-cdk/aws-kms": "1.189.0",
        "@aws-cdk/aws-s3-assets": "1.189.0",
        "@aws-cdk/core": "1.189.0",
        "@aws-cdk/cx-api": "1.189.0",
        "constructs": "^3.3.69"
      }
    },
    "node_modules/@aws-cdk/aws-s3": {
      "version": "1.189.0",
      "resolved": "https://registry.npmjs.org/@aws-cdk/aws-s3/-/aws-s3-1.189.0.tgz",
      "integrity": "sha512-zd7UHQShhUYlv/NRwZTmJwuBfZpfZ111YQcgBn1bRdAWH1wCR4rYFfAIiAiE0ycnDMsFXp3l+wFLhH8fx0/1gg==",
      "dependencies": {
        "@aws-cdk/aws-events": "1.189.0",
        "@aws-cdk/aws-iam": "1.189.0",
        "@aws-cdk/aws-kms": "1.189.0",
        "@aws-cdk/core": "1.189.0",
        "@aws-cdk/cx-api": "1.189.0",
        "constructs": "^3.3.69"
      },
      "engines": {
        "node": ">= 14.15.0"
      },
      "peerDependencies": {
        "@aws-cdk/aws-events": "1.189.0",
        "@aws-cdk/aws-iam": "1.189.0",
        "@aws-cdk/aws-kms": "1.189.0",
        "@aws-cdk/core": "1.189.0",
        "@aws-cdk/cx-api": "1.189.0",
        "constructs": "^3.3.69"
      }
    },
    "node_modules/@aws-cdk/aws-s3-assets": {
      "version": "1.189.0",
      "resolved": "https://registry.npmjs.org/@aws-cdk/aws-s3-assets/-/aws-s3-assets-1.189.0.tgz",
      "integrity": "sha512-sYqcmoVbym2cHVz4eIGVqDsNK+nQWallNRSDqWCQQHL3XOSNtlWXINMK3XzZ3yjLYqXWCsSE+eM2LROI/9tjQQ==",
      "dependencies": {
        "@aws-cdk/assets": "1.189.0",
        "@aws-cdk/aws-iam": "1.189.0",
        "@aws-cdk/aws-kms": "1.189.0",
        "@aws-cdk/aws-s3": "1.189.0",
        "@aws-cdk/core": "1.189.0",
        "@aws-cdk/cx-api": "1.189.0",
        "constructs": "^3.3.69"
      },
      "engines": {
        "node": ">= 14.15.0"
      },
      "peerDependencies": {
        "@aws-cdk/assets": "1.189.0",
        "@aws-cdk/aws-iam": "1.189.0",
        "@aws-cdk/aws-kms": "1.189.0",
        "@aws-cdk/aws-s3": "1.189.0",
        "@aws-cdk/core": "1.189.0",
        "@aws-cdk/cx-api": "1.189.0",
        "constructs": "^3.3.69"
      }
    },
    "node_modules/@aws-cdk/aws-ssm": {
      "version": "1.189.0",
      "resolved": "https://registry.npmjs.org/@aws-cdk/aws-ssm/-/aws-ssm-1.189.0.tgz",
      "integrity": "sha512-dvJDgLkICXTWFN7fn7qm0+QATe1ZbjBNQzXxVIoR72OT9GWHfBJAvVDYIZqlJqmuRv8j4/Pf2JaO/ow6TPOCAw==",
      "dependencies": {
        "@aws-cdk/aws-iam": "1.189.0",
        "@aws-cdk/aws-kms": "1.189.0",
        "@aws-cdk/cloud-assembly-schema": "1.189.0",
        "@aws-cdk/core": "1.189.0",
        "constructs": "^3.3.69"
      },
      "engines": {
        "node": ">= 14.15.0"
      },
      "peerDependencies": {
        "@aws-cdk/aws-iam": "1.189.0",
        "@aws-cdk/aws-kms": "1.189.0",
        "@aws-cdk/cloud-assembly-schema": "1.189.0",
        "@aws-cdk/core": "1.189.0",
        "constructs": "^3.3.69"
      }
    },
    "node_modules/@aws-cdk/cloud-assembly-schema": {
      "version": "1.189.0",
      "resolved": "https://registry.npmjs.org/@aws-cdk/cloud-assembly-schema/-/cloud-assembly-schema-1.189.0.tgz",
      "integrity": "sha512-yVVJkg6YgHcFXpOL9QnQjDZjKteK/S9ZXBS4WVILaiX0kj46Ag4WYMFBxWMUGKwW8qefUycPElaj2e5tK56SJA==",
      "bundleDependencies": [
        "jsonschema",
        "semver"
      ],
      "dependencies": {
        "jsonschema": "^1.4.1",
        "semver": "^7.3.8"
      },
      "engines": {
        "node": ">= 14.15.0"
      }
    },
    "node_modules/@aws-cdk/cloud-assembly-schema/node_modules/jsonschema": {
      "version": "1.4.1",
      "inBundle": true,
      "license": "MIT",
      "engines": {
        "node": "*"
      }
    },
    "node_modules/@aws-cdk/cloud-assembly-schema/node_modules/lru-cache": {
      "version": "6.0.0",
      "inBundle": true,
      "license": "ISC",
      "dependencies": {
        "yallist": "^4.0.0"
      },
      "engines": {
        "node": ">=10"
      }
    },
    "node_modules/@aws-cdk/cloud-assembly-schema/node_modules/semver": {
      "version": "7.3.8",
      "inBundle": true,
      "license": "ISC",
      "dependencies": {
        "lru-cache": "^6.0.0"
      },
      "bin": {
        "semver": "bin/semver.js"
      },
      "engines": {
        "node": ">=10"
      }
    },
    "node_modules/@aws-cdk/cloud-assembly-schema/node_modules/yallist": {
      "version": "4.0.0",
      "inBundle": true,
      "license": "ISC"
    },
    "node_modules/@aws-cdk/core": {
      "version": "1.189.0",
      "resolved": "https://registry.npmjs.org/@aws-cdk/core/-/core-1.189.0.tgz",
      "integrity": "sha512-8my0nghmvGVEG0o74RHueEr79wQSi5vGDgEd9tHsgG9B+A+kJiToXWi2WE+PJE73AQrvnoXlwembuZC8f3ERBg==",
      "bundleDependencies": [
        "fs-extra",
        "minimatch",
        "@balena/dockerignore",
        "ignore"
      ],
      "dependencies": {
        "@aws-cdk/cloud-assembly-schema": "1.189.0",
        "@aws-cdk/cx-api": "1.189.0",
        "@aws-cdk/region-info": "1.189.0",
        "@balena/dockerignore": "^1.0.2",
        "constructs": "^3.3.69",
        "fs-extra": "^9.1.0",
        "ignore": "^5.2.4",
        "minimatch": "^3.1.2"
      },
      "engines": {
        "node": ">= 14.15.0"
      },
      "peerDependencies": {
        "@aws-cdk/cloud-assembly-schema": "1.189.0",
        "@aws-cdk/cx-api": "1.189.0",
        "@aws-cdk/region-info": "1.189.0",
        "constructs": "^3.3.69"
      }
    },
    "node_modules/@aws-cdk/core/node_modules/@balena/dockerignore": {
      "version": "1.0.2",
      "inBundle": true,
      "license": "Apache-2.0"
    },
    "node_modules/@aws-cdk/core/node_modules/at-least-node": {
      "version": "1.0.0",
      "inBundle": true,
      "license": "ISC",
      "engines": {
        "node": ">= 4.0.0"
      }
    },
    "node_modules/@aws-cdk/core/node_modules/balanced-match": {
      "version": "1.0.2",
      "inBundle": true,
      "license": "MIT"
    },
    "node_modules/@aws-cdk/core/node_modules/brace-expansion": {
      "version": "1.1.11",
      "inBundle": true,
      "license": "MIT",
      "dependencies": {
        "balanced-match": "^1.0.0",
        "concat-map": "0.0.1"
      }
    },
    "node_modules/@aws-cdk/core/node_modules/concat-map": {
      "version": "0.0.1",
      "inBundle": true,
      "license": "MIT"
    },
    "node_modules/@aws-cdk/core/node_modules/fs-extra": {
      "version": "9.1.0",
      "inBundle": true,
      "license": "MIT",
      "dependencies": {
        "at-least-node": "^1.0.0",
        "graceful-fs": "^4.2.0",
        "jsonfile": "^6.0.1",
        "universalify": "^2.0.0"
      },
      "engines": {
        "node": ">=10"
      }
    },
    "node_modules/@aws-cdk/core/node_modules/graceful-fs": {
      "version": "4.2.10",
      "inBundle": true,
      "license": "ISC"
    },
    "node_modules/@aws-cdk/core/node_modules/ignore": {
      "version": "5.2.4",
      "inBundle": true,
      "license": "MIT",
      "engines": {
        "node": ">= 4"
      }
    },
    "node_modules/@aws-cdk/core/node_modules/jsonfile": {
      "version": "6.1.0",
      "inBundle": true,
      "license": "MIT",
      "dependencies": {
        "universalify": "^2.0.0"
      },
      "optionalDependencies": {
        "graceful-fs": "^4.1.6"
      }
    },
    "node_modules/@aws-cdk/core/node_modules/minimatch": {
      "version": "3.1.2",
      "inBundle": true,
      "license": "ISC",
      "dependencies": {
        "brace-expansion": "^1.1.7"
      },
      "engines": {
        "node": "*"
      }
    },
    "node_modules/@aws-cdk/core/node_modules/universalify": {
      "version": "2.0.0",
      "inBundle": true,
      "license": "MIT",
      "engines": {
        "node": ">= 10.0.0"
      }
    },
    "node_modules/@aws-cdk/cx-api": {
      "version": "1.189.0",
      "resolved": "https://registry.npmjs.org/@aws-cdk/cx-api/-/cx-api-1.189.0.tgz",
      "integrity": "sha512-olMEQJKxP6RpdwopPrRxLoGTwEDzfdM63ShRgxDRMubFAKZCxKtDIo/F9ikpdLdB/EtsGrmXjXMCqLnw0x9cMQ==",
      "bundleDependencies": [
        "semver"
      ],
      "dependencies": {
        "@aws-cdk/cloud-assembly-schema": "1.189.0",
        "semver": "^7.3.8"
      },
      "engines": {
        "node": ">= 14.15.0"
      },
      "peerDependencies": {
        "@aws-cdk/cloud-assembly-schema": "1.189.0"
      }
    },
    "node_modules/@aws-cdk/cx-api/node_modules/lru-cache": {
      "version": "6.0.0",
      "inBundle": true,
      "license": "ISC",
      "dependencies": {
        "yallist": "^4.0.0"
      },
      "engines": {
        "node": ">=10"
      }
    },
    "node_modules/@aws-cdk/cx-api/node_modules/semver": {
      "version": "7.3.8",
      "inBundle": true,
      "license": "ISC",
      "dependencies": {
        "lru-cache": "^6.0.0"
      },
      "bin": {
        "semver": "bin/semver.js"
      },
      "engines": {
        "node": ">=10"
      }
    },
    "node_modules/@aws-cdk/cx-api/node_modules/yallist": {
      "version": "4.0.0",
      "inBundle": true,
      "license": "ISC"
    },
    "node_modules/@aws-cdk/region-info": {
      "version": "1.189.0",
      "resolved": "https://registry.npmjs.org/@aws-cdk/region-info/-/region-info-1.189.0.tgz",
      "integrity": "sha512-Mlc2Vm3mr7GHxiBsC8gVSCYwCnBHzJ5TrhBTgwGFc2G0bhn/RaNxc3DKAzQ26fs4kr+77Dv6nm5RXyni0JQcsg==",
      "engines": {
        "node": ">= 14.15.0"
      }
    },
    "node_modules/constructs": {
      "version": "3.4.224",
      "resolved": "https://registry.npmjs.org/constructs/-/constructs-3.4.224.tgz",
      "integrity": "sha512-cwmg2cOXAmRlO5Iv+VBeD5zVFwVgmZM6S21IHyw3gqmYw/sjI7sIU/f0dYXH5MnELty5uKUCn2gjcnSbCHNxRg==",
      "engines": {
        "node": ">= 14.17.0"
      }
    }
  },
  "dependencies": {
    "@aws-cdk/assets": {
      "version": "1.189.0",
      "resolved": "https://registry.npmjs.org/@aws-cdk/assets/-/assets-1.189.0.tgz",
      "integrity": "sha512-yi9OCIbE6TsgJDGIX+wiCHnwucguvWDon14aTkRaeLHN/ICo+MCjAgzjxWuuxk0xSDQ2Q3/0oSZ6au2ZUhXw7A==",
      "requires": {
        "@aws-cdk/core": "1.189.0",
        "@aws-cdk/cx-api": "1.189.0",
        "constructs": "^3.3.69"
      }
    },
    "@aws-cdk/aws-cloudwatch": {
      "version": "1.189.0",
      "resolved": "https://registry.npmjs.org/@aws-cdk/aws-cloudwatch/-/aws-cloudwatch-1.189.0.tgz",
      "integrity": "sha512-rjNHCJfVpaOtgotmrpThbU69n42MuEGLsuU11A+DeSrLeRh0bm0cZSZGQJKUrtnMghdzMDwTi0iBjykKvJF/ow==",
      "requires": {
        "@aws-cdk/aws-iam": "1.189.0",
        "@aws-cdk/core": "1.189.0",
        "constructs": "^3.3.69"
      }
    },
    "@aws-cdk/aws-ec2": {
      "version": "1.189.0",
      "resolved": "https://registry.npmjs.org/@aws-cdk/aws-ec2/-/aws-ec2-1.189.0.tgz",
      "integrity": "sha512-AVA04sfAscPqWsaG3NvMaa04pIZDeeTGDLsD2xd0GJRpXl3upgk33raQX6bhQbWk2jetGoldGYTiNulD9iDSjw==",
      "requires": {
        "@aws-cdk/aws-cloudwatch": "1.189.0",
        "@aws-cdk/aws-iam": "1.189.0",
        "@aws-cdk/aws-kms": "1.189.0",
        "@aws-cdk/aws-logs": "1.189.0",
        "@aws-cdk/aws-s3": "1.189.0",
        "@aws-cdk/aws-s3-assets": "1.189.0",
        "@aws-cdk/aws-ssm": "1.189.0",
        "@aws-cdk/cloud-assembly-schema": "1.189.0",
        "@aws-cdk/core": "1.189.0",
        "@aws-cdk/cx-api": "1.189.0",
        "@aws-cdk/region-info": "1.189.0",
        "constructs": "^3.3.69"
      }
    },
    "@aws-cdk/aws-events": {
      "version": "1.189.0",
      "resolved": "https://registry.npmjs.org/@aws-cdk/aws-events/-/aws-events-1.189.0.tgz",
      "integrity": "sha512-f8RX83dQx10NHZ8tHaefsiAeXMDcPAiwFAYZ4HlH0/hpMT8BjFg9BZk4A2r5Xa6+iPN7IPFc6IR6ON78mQBtAw==",
      "requires": {
        "@aws-cdk/aws-iam": "1.189.0",
        "@aws-cdk/core": "1.189.0",
        "constructs": "^3.3.69"
      }
    },
    "@aws-cdk/aws-iam": {
      "version": "1.189.0",
      "resolved": "https://registry.npmjs.org/@aws-cdk/aws-iam/-/aws-iam-1.189.0.tgz",
      "integrity": "sha512-2c7Tsp5epMKjqfMOVkI80pQt15GX3agz19RpC5RdqjBQReJpXSn/kghq3Jp8I4eS+uMWrM5d4No/hbnLP/JmXw==",
      "requires": {
        "@aws-cdk/core": "1.189.0",
        "@aws-cdk/cx-api": "1.189.0",
        "@aws-cdk/region-info": "1.189.0",
        "constructs": "^3.3.69"
      }
    },
    "@aws-cdk/aws-kms": {
      "version": "1.189.0",
      "resolved": "https://registry.npmjs.org/@aws-cdk/aws-kms/-/aws-kms-1.189.0.tgz",
      "integrity": "sha512-ZzxN/tvOc37CXHcM8AWD7PLtHK3Xb8VA/C8haKE4dA9iectvSAWud6skhXGWbgN/GhTi5Ew3oq9vO+8WusynoA==",
      "requires": {
        "@aws-cdk/aws-iam": "1.189.0",
        "@aws-cdk/cloud-assembly-schema": "1.189.0",
        "@aws-cdk/core": "1.189.0",
        "@aws-cdk/cx-api": "1.189.0",
        "constructs": "^3.3.69"
      }
    },
    "@aws-cdk/aws-logs": {
      "version": "1.189.0",
      "resolved": "https://registry.npmjs.org/@aws-cdk/aws-logs/-/aws-logs-1.189.0.tgz",
      "integrity": "sha512-HgeJWNbNuTF7s3Vh5wos/g2XR0Sq6Hun2ecNy4zAyOOCLgM9E7MmYSoWYEjhV3myGEEJmhZrDAKfaUrCtezY2w==",
      "requires": {
        "@aws-cdk/aws-cloudwatch": "1.189.0",
        "@aws-cdk/aws-iam": "1.189.0",
        "@aws-cdk/aws-kms": "1.189.0",
        "@aws-cdk/aws-s3-assets": "1.189.0",
        "@aws-cdk/core": "1.189.0",
        "@aws-cdk/cx-api": "1.189.0",
        "constructs": "^3.3.69"
      }
    },
    "@aws-cdk/aws-s3": {
      "version": "1.189.0",
      "resolved": "https://registry.npmjs.org/@aws-cdk/aws-s3/-/aws-s3-1.189.0.tgz",
      "integrity": "sha512-zd7UHQShhUYlv/NRwZTmJwuBfZpfZ111YQcgBn1bRdAWH1wCR4rYFfAIiAiE0ycnDMsFXp3l+wFLhH8fx0/1gg==",
      "requires": {
        "@aws-cdk/aws-events": "1.189.0",
        "@aws-cdk/aws-iam": "1.189.0",
        "@aws-cdk/aws-kms": "1.189.0",
        "@aws-cdk/core": "1.189.0",
        "@aws-cdk/cx-api": "1.189.0",
        "constructs": "^3.3.69"
      }
    },
    "@aws-cdk/aws-s3-assets": {
      "version": "1.189.0",
      "resolved": "https://registry.npmjs.org/@aws-cdk/aws-s3-assets/-/aws-s3-assets-1.189.0.tgz",
      "integrity": "sha512-sYqcmoVbym2cHVz4eIGVqDsNK+nQWallNRSDqWCQQHL3XOSNtlWXINMK3XzZ3yjLYqXWCsSE+eM2LROI/9tjQQ==",
      "requires": {
        "@aws-cdk/assets": "1.189.0",
        "@aws-cdk/aws-iam": "1.189.0",
        "@aws-cdk/aws-kms": "1.189.0",
        "@aws-cdk/aws-s3": "1.189.0",
        "@aws-cdk/core": "1.189.0",
        "@aws-cdk/cx-api": "1.189.0",
        "constructs": "^3.3.69"
      }
    },
    "@aws-cdk/aws-ssm": {
      "version": "1.189.0",
      "resolved": "https://registry.npmjs.org/@aws-cdk/aws-ssm/-/aws-ssm-1.189.0.tgz",
      "integrity": "sha512-dvJDgLkICXTWFN7fn7qm0+QATe1ZbjBNQzXxVIoR72OT9GWHfBJAvVDYIZqlJqmuRv8j4/Pf2JaO/ow6TPOCAw==",
      "requires": {
        "@aws-cdk/aws-iam": "1.189.0",
        "@aws-cdk/aws-kms": "1.189.0",
        "@aws-cdk/cloud-assembly-schema": "1.189.0",
        "@aws-cdk/core": "1.189.0",
        "constructs": "^3.3.69"
      }
    },
    "@aws-cdk/cloud-assembly-schema": {
      "version": "1.189.0",
      "resolved": "https://registry.npmjs.org/@aws-cdk/cloud-assembly-schema/-/cloud-assembly-schema-1.189.0.tgz",
      "integrity": "sha512-yVVJkg6YgHcFXpOL9QnQjDZjKteK/S9ZXBS4WVILaiX0kj46Ag4WYMFBxWMUGKwW8qefUycPElaj2e5tK56SJA==",
      "requires": {
        "jsonschema": "^1.4.1",
        "semver": "^7.3.8"
      },
      "dependencies": {
        "jsonschema": {
          "version": "1.4.1",
          "bundled": true
        },
        "lru-cache": {
          "version": "6.0.0",
          "bundled": true,
          "requires": {
            "yallist": "^4.0.0"
          }
        },
        "semver": {
          "version": "7.3.8",
          "bundled": true,
          "requires": {
            "lru-cache": "^6.0.0"
          }
        },
        "yallist": {
          "version": "4.0.0",
          "bundled": true
        }
      }
    },
    "@aws-cdk/core": {
      "version": "1.189.0",
      "resolved": "https://registry.npmjs.org/@aws-cdk/core/-/core-1.189.0.tgz",
      "integrity": "sha512-8my0nghmvGVEG0o74RHueEr79wQSi5vGDgEd9tHsgG9B+A+kJiToXWi2WE+PJE73AQrvnoXlwembuZC8f3ERBg==",
      "requires": {
        "@aws-cdk/cloud-assembly-schema": "1.189.0",
        "@aws-cdk/cx-api": "1.189.0",
        "@aws-cdk/region-info": "1.189.0",
        "@balena/dockerignore": "^1.0.2",
        "constructs": "^3.3.69",
        "fs-extra": "^9.1.0",
        "ignore": "^5.2.4",
        "minimatch": "^3.1.2"
      },
      "dependencies": {
        "@balena/dockerignore": {
          "version": "1.0.2",
          "bundled": true
        },
        "at-least-node": {
          "version": "1.0.0",
          "bundled": true
        },
        "balanced-match": {
          "version": "1.0.2",
          "bundled": true
        },
        "brace-expansion": {
          "version": "1.1.11",
          "bundled": true,
          "requires": {
            "balanced-match": "^1.0.0",
            "concat-map": "0.0.1"
          }
        },
        "concat-map": {
          "version": "0.0.1",
          "bundled": true
        },
        "fs-extra": {
          "version": "9.1.0",
          "bundled": true,
          "requires": {
            "at-least-node": "^1.0.0",
            "graceful-fs": "^4.2.0",
            "jsonfile": "^6.0.1",
            "universalify": "^2.0.0"
          }
        },
        "graceful-fs": {
          "version": "4.2.10",
          "bundled": true
        },
        "ignore": {
          "version": "5.2.4",
          "bundled": true
        },
        "jsonfile": {
          "version": "6.1.0",
          "bundled": true,
          "requires": {
            "graceful-fs": "^4.1.6",
            "universalify": "^2.0.0"
          }
        },
        "minimatch": {
          "version": "3.1.2",
          "bundled": true,
          "requires": {
            "brace-expansion": "^1.1.7"
          }
        },
        "universalify": {
          "version": "2.0.0",
          "bundled": true
        }
      }
    },
    "@aws-cdk/cx-api": {
      "version": "1.189.0",
      "resolved": "https://registry.npmjs.org/@aws-cdk/cx-api/-/cx-api-1.189.0.tgz",
      "integrity": "sha512-olMEQJKxP6RpdwopPrRxLoGTwEDzfdM63ShRgxDRMubFAKZCxKtDIo/F9ikpdLdB/EtsGrmXjXMCqLnw0x9cMQ==",
      "requires": {
        "@aws-cdk/cloud-assembly-schema": "1.189.0",
        "semver": "^7.3.8"
      },
      "dependencies": {
        "lru-cache": {
          "version": "6.0.0",
          "bundled": true,
          "requires": {
            "yallist": "^4.0.0"
          }
        },
        "semver": {
          "version": "7.3.8",
          "bundled": true,
          "requires": {
            "lru-cache": "^6.0.0"
          }
        },
        "yallist": {
          "version": "4.0.0",
          "bundled": true
        }
      }
    },
    "@aws-cdk/region-info": {
      "version": "1.189.0",
      "resolved": "https://registry.npmjs.org/@aws-cdk/region-info/-/region-info-1.189.0.tgz",
      "integrity": "sha512-Mlc2Vm3mr7GHxiBsC8gVSCYwCnBHzJ5TrhBTgwGFc2G0bhn/RaNxc3DKAzQ26fs4kr+77Dv6nm5RXyni0JQcsg=="
    },
    "constructs": {
      "version": "3.4.224",
      "resolved": "https://registry.npmjs.org/constructs/-/constructs-3.4.224.tgz",
      "integrity": "sha512-cwmg2cOXAmRlO5Iv+VBeD5zVFwVgmZM6S21IHyw3gqmYw/sjI7sIU/f0dYXH5MnELty5uKUCn2gjcnSbCHNxRg=="
    }
  }
}
